
Microsoft Visual Studio Solution File, Format Version 12.00
# Visual Studio Version 17
VisualStudioVersion = 17.5.002.0
MinimumVisualStudioVersion = 10.0.40219.1
Project("{9A19103F-16F7-4668-BE54-9A1E7A4F7556}") = "Exo.WebApi", "Exo.WebApi.csproj", "{B56FE147-7AE0-4604-B3FB-16FD9ECFD052}"
EndProject
Global
	GlobalSection(SolutionConfigurationPlatforms) = preSolution
		Debug|Any CPU = Debug|Any CPU
		Release|Any CPU = Release|Any CPU
	EndGlobalSection
	GlobalSection(ProjectConfigurationPlatforms) = postSolution
		{B56FE147-7AE0-4604-B3FB-16FD9ECFD052}.Debug|Any CPU.ActiveCfg = Debug|Any CPU
		{B56FE147-7AE0-4604-B3FB-16FD9ECFD052}.Debug|Any CPU.Build.0 = Debug|Any CPU
		{B56FE147-7AE0-4604-B3FB-16FD9ECFD052}.Release|Any CPU.ActiveCfg = Release|Any CPU
		{B56FE147-7AE0-4604-B3FB-16FD9ECFD052}.Release|Any CPU.Build.0 = Release|Any CPU
	EndGlobalSection
	GlobalSection(SolutionProperties) = preSolution
		HideSolutionNode = FALSE
	EndGlobalSection
	GlobalSection(ExtensibilityGlobals) = postSolution
		SolutionGuid = {C1E812E2-C932-482D-AA69-D375FBAC5D2D}
	EndGlobalSection
EndGlobal
